// !$*UTF8*$!
{
	archiveVersion = 1;
	classes = {
	};
	objectVersion = 50;
	objects = {

/* Begin PBXBuildFile section */
		7C0706AA25E53F3F00B1EE50 /* TrackCollectionHeaderView.swift in Sources */ = {isa = PBXBuildFile; fileRef = 7C0706A925E53F3F00B1EE50 /* TrackCollectionHeaderView.swift */; };
		7C0706AE25E5474700B1EE50 /* PlayerViewController.swift in Sources */ = {isa = PBXBuildFile; fileRef = 7C0706AD25E5474700B1EE50 /* PlayerViewController.swift */; };
		7C0706B125E5475700B1EE50 /* Player.storyboard in Resources */ = {isa = PBXBuildFile; fileRef = 7C0706B025E5475700B1EE50 /* Player.storyboard */; };
		7C2538FA25DFF36600E2C8B5 /* AppDelegate.swift in Sources */ = {isa = PBXBuildFile; fileRef = 7C2538F925DFF36600E2C8B5 /* AppDelegate.swift */; };
		7C2538FC25DFF36600E2C8B5 /* SceneDelegate.swift in Sources */ = {isa = PBXBuildFile; fileRef = 7C2538FB25DFF36600E2C8B5 /* SceneDelegate.swift */; };
		7C2538FE25DFF36600E2C8B5 /* HomeViewController.swift in Sources */ = {isa = PBXBuildFile; fileRef = 7C2538FD25DFF36600E2C8B5 /* HomeViewController.swift */; };
		7C25390125DFF36600E2C8B5 /* Main.storyboard in Resources */ = {isa = PBXBuildFile; fileRef = 7C2538FF25DFF36600E2C8B5 /* Main.storyboard */; };
		7C25390325DFF36700E2C8B5 /* Assets.xcassets in Resources */ = {isa = PBXBuildFile; fileRef = 7C25390225DFF36700E2C8B5 /* Assets.xcassets */; };
		7C25390625DFF36700E2C8B5 /* LaunchScreen.storyboard in Resources */ = {isa = PBXBuildFile; fileRef = 7C25390425DFF36700E2C8B5 /* LaunchScreen.storyboard */; };
		7C4D806C25DFFC2F00C3737A /* memories (listen on spotify from 3am ep).mp3 in Resources */ = {isa = PBXBuildFile; fileRef = 7C4D805625DFFC2F00C3737A /* memories (listen on spotify from 3am ep).mp3 */; };
		7C4D806D25DFFC2F00C3737A /* im trying to find myself.mp3 in Resources */ = {isa = PBXBuildFile; fileRef = 7C4D805725DFFC2F00C3737A /* im trying to find myself.mp3 */; };
		7C4D806E25DFFC2F00C3737A /* when the leaves start falling.mp3 in Resources */ = {isa = PBXBuildFile; fileRef = 7C4D805825DFFC2F00C3737A /* when the leaves start falling.mp3 */; };
		7C4D806F25DFFC2F00C3737A /* distant moon (spotify apple etc).mp3 in Resources */ = {isa = PBXBuildFile; fileRef = 7C4D805925DFFC2F00C3737A /* distant moon (spotify apple etc).mp3 */; };
		7C4D807025DFFC2F00C3737A /* aruarian dance [lounge version].mp3 in Resources */ = {isa = PBXBuildFile; fileRef = 7C4D805A25DFFC2F00C3737A /* aruarian dance [lounge version].mp3 */; };
		7C4D807125DFFC2F00C3737A /* Bike Rides On The Block.mp3 in Resources */ = {isa = PBXBuildFile; fileRef = 7C4D805B25DFFC2F00C3737A /* Bike Rides On The Block.mp3 */; };
		7C4D807225DFFC2F00C3737A /* Letting Go.mp3 in Resources */ = {isa = PBXBuildFile; fileRef = 7C4D805C25DFFC2F00C3737A /* Letting Go.mp3 */; };
		7C4D807325DFFC2F00C3737A /* valentin.mp3 in Resources */ = {isa = PBXBuildFile; fileRef = 7C4D805D25DFFC2F00C3737A /* valentin.mp3 */; };
		7C4D807425DFFC2F00C3737A /* elijah who - hello.mp3 in Resources */ = {isa = PBXBuildFile; fileRef = 7C4D805E25DFFC2F00C3737A /* elijah who - hello.mp3 */; };
		7C4D807525DFFC2F00C3737A /* Moonlight!.mp3 in Resources */ = {isa = PBXBuildFile; fileRef = 7C4D805F25DFFC2F00C3737A /* Moonlight!.mp3 */; };
		7C4D807625DFFC2F00C3737A /* Getsomerest.mp3 in Resources */ = {isa = PBXBuildFile; fileRef = 7C4D806025DFFC2F00C3737A /* Getsomerest.mp3 */; };
		7C4D807725DFFC2F00C3737A /* night calls.mp3 in Resources */ = {isa = PBXBuildFile; fileRef = 7C4D806125DFFC2F00C3737A /* night calls.mp3 */; };
		7C4D807825DFFC2F00C3737A /* Ocean ride __ 海の乗り.mp3 in Resources */ = {isa = PBXBuildFile; fileRef = 7C4D806225DFFC2F00C3737A /* Ocean ride __ 海の乗り.mp3 */; };
		7C4D807925DFFC2F00C3737A /* Missing U In The Raining Day.mp3 in Resources */ = {isa = PBXBuildFile; fileRef = 7C4D806325DFFC2F00C3737A /* Missing U In The Raining Day.mp3 */; };
		7C4D807A25DFFC2F00C3737A /* Glow.mp3 in Resources */ = {isa = PBXBuildFile; fileRef = 7C4D806425DFFC2F00C3737A /* Glow.mp3 */; };
		7C4D807B25DFFC2F00C3737A /* Chamomile Tea.mp3 in Resources */ = {isa = PBXBuildFile; fileRef = 7C4D806525DFFC2F00C3737A /* Chamomile Tea.mp3 */; };
		7C4D807C25DFFC2F00C3737A /* [ asleep ].mp3 in Resources */ = {isa = PBXBuildFile; fileRef = 7C4D806625DFFC2F00C3737A /* [ asleep ].mp3 */; };
		7C4D807D25DFFC2F00C3737A /* Sampled in your own sweet way.mp3 in Resources */ = {isa = PBXBuildFile; fileRef = 7C4D806725DFFC2F00C3737A /* Sampled in your own sweet way.mp3 */; };
		7C4D807E25DFFC2F00C3737A /* always you.mp3 in Resources */ = {isa = PBXBuildFile; fileRef = 7C4D806825DFFC2F00C3737A /* always you.mp3 */; };
		7C4D807F25DFFC2F00C3737A /* i fell in love with you one night in september..mp3 in Resources */ = {isa = PBXBuildFile; fileRef = 7C4D806925DFFC2F00C3737A /* i fell in love with you one night in september..mp3 */; };
		7C4D808025DFFC2F00C3737A /* tranquility.mp3 in Resources */ = {isa = PBXBuildFile; fileRef = 7C4D806A25DFFC2F00C3737A /* tranquility.mp3 */; };
		7C4D808125DFFC2F00C3737A /* Sleepless.mp3 in Resources */ = {isa = PBXBuildFile; fileRef = 7C4D806B25DFFC2F00C3737A /* Sleepless.mp3 */; };
		7C4D808525DFFFAE00C3737A /* TrackManager.swift in Sources */ = {isa = PBXBuildFile; fileRef = 7C4D808425DFFFAE00C3737A /* TrackManager.swift */; };
		7C4D808925E0000700C3737A /* Track.swift in Sources */ = {isa = PBXBuildFile; fileRef = 7C4D808825E0000700C3737A /* Track.swift */; };
		7C64661B25E685DE00A76EB2 /* SimplePlayer.swift in Sources */ = {isa = PBXBuildFile; fileRef = 7C64661A25E685DE00A76EB2 /* SimplePlayer.swift */; };
		7CA8B3D325DFF6F7003335AE /* TrackCollectionViewCell.swift in Sources */ = {isa = PBXBuildFile; fileRef = 7CA8B3D225DFF6F7003335AE /* TrackCollectionViewCell.swift */; };
		7CE63C1F25E298CD00C910D4 /* Extension&AVPlayerItem.swift in Sources */ = {isa = PBXBuildFile; fileRef = 7CE63C1E25E298CD00C910D4 /* Extension&AVPlayerItem.swift */; };
/* End PBXBuildFile section */

/* Begin PBXFileReference section */
		7C0706A925E53F3F00B1EE50 /* TrackCollectionHeaderView.swift */ = {isa = PBXFileReference; lastKnownFileType = sourcecode.swift; path = TrackCollectionHeaderView.swift; sourceTree = "<group>"; };
		7C0706AD25E5474700B1EE50 /* PlayerViewController.swift */ = {isa = PBXFileReference; lastKnownFileType = sourcecode.swift; path = PlayerViewController.swift; sourceTree = "<group>"; };
		7C0706B025E5475700B1EE50 /* Player.storyboard */ = {isa = PBXFileReference; lastKnownFileType = file.storyboard; path = Player.storyboard; sourceTree = "<group>"; };
		7C2538F625DFF36600E2C8B5 /* MusicPlayer.app */ = {isa = PBXFileReference; explicitFileType = wrapper.application; includeInIndex = 0; path = MusicPlayer.app; sourceTree = BUILT_PRODUCTS_DIR; };
		7C2538F925DFF36600E2C8B5 /* AppDelegate.swift */ = {isa = PBXFileReference; lastKnownFileType = sourcecode.swift; path = AppDelegate.swift; sourceTree = "<group>"; };
		7C2538FB25DFF36600E2C8B5 /* SceneDelegate.swift */ = {isa = PBXFileReference; lastKnownFileType = sourcecode.swift; path = SceneDelegate.swift; sourceTree = "<group>"; };
		7C2538FD25DFF36600E2C8B5 /* HomeViewController.swift */ = {isa = PBXFileReference; lastKnownFileType = sourcecode.swift; path = HomeViewController.swift; sourceTree = "<group>"; };
		7C25390025DFF36600E2C8B5 /* Base */ = {isa = PBXFileReference; lastKnownFileType = file.storyboard; name = Base; path = Base.lproj/Main.storyboard; sourceTree = "<group>"; };
		7C25390225DFF36700E2C8B5 /* Assets.xcassets */ = {isa = PBXFileReference; lastKnownFileType = folder.assetcatalog; path = Assets.xcassets; sourceTree = "<group>"; };
		7C25390525DFF36700E2C8B5 /* Base */ = {isa = PBXFileReference; lastKnownFileType = file.storyboard; name = Base; path = Base.lproj/LaunchScreen.storyboard; sourceTree = "<group>"; };
		7C25390725DFF36700E2C8B5 /* Info.plist */ = {isa = PBXFileReference; lastKnownFileType = text.plist.xml; path = Info.plist; sourceTree = "<group>"; };
		7C4D805625DFFC2F00C3737A /* memories (listen on spotify from 3am ep).mp3 */ = {isa = PBXFileReference; lastKnownFileType = audio.mp3; path = "memories (listen on spotify from 3am ep).mp3"; sourceTree = "<group>"; };
		7C4D805725DFFC2F00C3737A /* im trying to find myself.mp3 */ = {isa = PBXFileReference; lastKnownFileType = audio.mp3; path = "im trying to find myself.mp3"; sourceTree = "<group>"; };
		7C4D805825DFFC2F00C3737A /* when the leaves start falling.mp3 */ = {isa = PBXFileReference; lastKnownFileType = audio.mp3; path = "when the leaves start falling.mp3"; sourceTree = "<group>"; };
		7C4D805925DFFC2F00C3737A /* distant moon (spotify apple etc).mp3 */ = {isa = PBXFileReference; lastKnownFileType = audio.mp3; path = "distant moon (spotify apple etc).mp3"; sourceTree = "<group>"; };
		7C4D805A25DFFC2F00C3737A /* aruarian dance [lounge version].mp3 */ = {isa = PBXFileReference; lastKnownFileType = audio.mp3; path = "aruarian dance [lounge version].mp3"; sourceTree = "<group>"; };
		7C4D805B25DFFC2F00C3737A /* Bike Rides On The Block.mp3 */ = {isa = PBXFileReference; lastKnownFileType = audio.mp3; path = "Bike Rides On The Block.mp3"; sourceTree = "<group>"; };
		7C4D805C25DFFC2F00C3737A /* Letting Go.mp3 */ = {isa = PBXFileReference; lastKnownFileType = audio.mp3; path = "Letting Go.mp3"; sourceTree = "<group>"; };
		7C4D805D25DFFC2F00C3737A /* valentin.mp3 */ = {isa = PBXFileReference; lastKnownFileType = audio.mp3; path = valentin.mp3; sourceTree = "<group>"; };
		7C4D805E25DFFC2F00C3737A /* elijah who - hello.mp3 */ = {isa = PBXFileReference; lastKnownFileType = audio.mp3; path = "elijah who - hello.mp3"; sourceTree = "<group>"; };
		7C4D805F25DFFC2F00C3737A /* Moonlight!.mp3 */ = {isa = PBXFileReference; lastKnownFileType = audio.mp3; path = "Moonlight!.mp3"; sourceTree = "<group>"; };
		7C4D806025DFFC2F00C3737A /* Getsomerest.mp3 */ = {isa = PBXFileReference; lastKnownFileType = audio.mp3; path = Getsomerest.mp3; sourceTree = "<group>"; };
		7C4D806125DFFC2F00C3737A /* night calls.mp3 */ = {isa = PBXFileReference; lastKnownFileType = audio.mp3; path = "night calls.mp3"; sourceTree = "<group>"; };
		7C4D806225DFFC2F00C3737A /* Ocean ride __ 海の乗り.mp3 */ = {isa = PBXFileReference; lastKnownFileType = audio.mp3; path = "Ocean ride __ 海の乗り.mp3"; sourceTree = "<group>"; };
		7C4D806325DFFC2F00C3737A /* Missing U In The Raining Day.mp3 */ = {isa = PBXFileReference; lastKnownFileType = audio.mp3; path = "Missing U In The Raining Day.mp3"; sourceTree = "<group>"; };
		7C4D806425DFFC2F00C3737A /* Glow.mp3 */ = {isa = PBXFileReference; lastKnownFileType = audio.mp3; path = Glow.mp3; sourceTree = "<group>"; };
		7C4D806525DFFC2F00C3737A /* Chamomile Tea.mp3 */ = {isa = PBXFileReference; lastKnownFileType = audio.mp3; path = "Chamomile Tea.mp3"; sourceTree = "<group>"; };
		7C4D806625DFFC2F00C3737A /* [ asleep ].mp3 */ = {isa = PBXFileReference; lastKnownFileType = audio.mp3; path = "[ asleep ].mp3"; sourceTree = "<group>"; };
		7C4D806725DFFC2F00C3737A /* Sampled in your own sweet way.mp3 */ = {isa = PBXFileReference; lastKnownFileType = audio.mp3; path = "Sampled in your own sweet way.mp3"; sourceTree = "<group>"; };
		7C4D806825DFFC2F00C3737A /* always you.mp3 */ = {isa = PBXFileReference; lastKnownFileType = audio.mp3; path = "always you.mp3"; sourceTree = "<group>"; };
		7C4D806925DFFC2F00C3737A /* i fell in love with you one night in september..mp3 */ = {isa = PBXFileReference; lastKnownFileType = audio.mp3; path = "i fell in love with you one night in september..mp3"; sourceTree = "<group>"; };
		7C4D806A25DFFC2F00C3737A /* tranquility.mp3 */ = {isa = PBXFileReference; lastKnownFileType = audio.mp3; path = tranquility.mp3; sourceTree = "<group>"; };
		7C4D806B25DFFC2F00C3737A /* Sleepless.mp3 */ = {isa = PBXFileReference; lastKnownFileType = audio.mp3; path = Sleepless.mp3; sourceTree = "<group>"; };
		7C4D808425DFFFAE00C3737A /* TrackManager.swift */ = {isa = PBXFileReference; lastKnownFileType = sourcecode.swift; path = TrackManager.swift; sourceTree = "<group>"; };
		7C4D808825E0000700C3737A /* Track.swift */ = {isa = PBXFileReference; lastKnownFileType = sourcecode.swift; path = Track.swift; sourceTree = "<group>"; };
		7C64661A25E685DE00A76EB2 /* SimplePlayer.swift */ = {isa = PBXFileReference; lastKnownFileType = sourcecode.swift; path = SimplePlayer.swift; sourceTree = "<group>"; };
		7CA8B3D225DFF6F7003335AE /* TrackCollectionViewCell.swift */ = {isa = PBXFileReference; lastKnownFileType = sourcecode.swift; path = TrackCollectionViewCell.swift; sourceTree = "<group>"; };
		7CE63C1E25E298CD00C910D4 /* Extension&AVPlayerItem.swift */ = {isa = PBXFileReference; lastKnownFileType = sourcecode.swift; path = "Extension&AVPlayerItem.swift"; sourceTree = "<group>"; };
/* End PBXFileReference section */

/* Begin PBXFrameworksBuildPhase section */
		7C2538F325DFF36600E2C8B5 /* Frameworks */ = {
			isa = PBXFrameworksBuildPhase;
			buildActionMask = 2147483647;
			files = (
			);
			runOnlyForDeploymentPostprocessing = 0;
		};
/* End PBXFrameworksBuildPhase section */

/* Begin PBXGroup section */
		7C0706AC25E5473100B1EE50 /* Player */ = {
			isa = PBXGroup;
			children = (
				7C0706AD25E5474700B1EE50 /* PlayerViewController.swift */,
				7C0706B025E5475700B1EE50 /* Player.storyboard */,
				7C64661A25E685DE00A76EB2 /* SimplePlayer.swift */,
			);
			path = Player;
			sourceTree = "<group>";
		};
		7C2538ED25DFF36600E2C8B5 = {
			isa = PBXGroup;
			children = (
				7C2538F825DFF36600E2C8B5 /* MusicPlayer */,
				7C2538F725DFF36600E2C8B5 /* Products */,
			);
			sourceTree = "<group>";
		};
		7C2538F725DFF36600E2C8B5 /* Products */ = {
			isa = PBXGroup;
			children = (
				7C2538F625DFF36600E2C8B5 /* MusicPlayer.app */,
			);
			name = Products;
			sourceTree = "<group>";
		};
		7C2538F825DFF36600E2C8B5 /* MusicPlayer */ = {
			isa = PBXGroup;
			children = (
				7C0706AC25E5473100B1EE50 /* Player */,
				7CA8B3CF25DFF6C0003335AE /* Home */,
				7C4D808325DFFF9100C3737A /* Track */,
				7C2538F925DFF36600E2C8B5 /* AppDelegate.swift */,
				7C2538FB25DFF36600E2C8B5 /* SceneDelegate.swift */,
				7C25390225DFF36700E2C8B5 /* Assets.xcassets */,
				7C25390425DFF36700E2C8B5 /* LaunchScreen.storyboard */,
				7C25390725DFF36700E2C8B5 /* Info.plist */,
				7C4D805525DFFC2F00C3737A /* Resources */,
			);
			path = MusicPlayer;
			sourceTree = "<group>";
		};
		7C4D805525DFFC2F00C3737A /* Resources */ = {
			isa = PBXGroup;
			children = (
				7C4D805625DFFC2F00C3737A /* memories (listen on spotify from 3am ep).mp3 */,
				7C4D805725DFFC2F00C3737A /* im trying to find myself.mp3 */,
				7C4D805825DFFC2F00C3737A /* when the leaves start falling.mp3 */,
				7C4D805925DFFC2F00C3737A /* distant moon (spotify apple etc).mp3 */,
				7C4D805A25DFFC2F00C3737A /* aruarian dance [lounge version].mp3 */,
				7C4D805B25DFFC2F00C3737A /* Bike Rides On The Block.mp3 */,
				7C4D805C25DFFC2F00C3737A /* Letting Go.mp3 */,
				7C4D805D25DFFC2F00C3737A /* valentin.mp3 */,
				7C4D805E25DFFC2F00C3737A /* elijah who - hello.mp3 */,
				7C4D805F25DFFC2F00C3737A /* Moonlight!.mp3 */,
				7C4D806025DFFC2F00C3737A /* Getsomerest.mp3 */,
				7C4D806125DFFC2F00C3737A /* night calls.mp3 */,
				7C4D806225DFFC2F00C3737A /* Ocean ride __ 海の乗り.mp3 */,
				7C4D806325DFFC2F00C3737A /* Missing U In The Raining Day.mp3 */,
				7C4D806425DFFC2F00C3737A /* Glow.mp3 */,
				7C4D806525DFFC2F00C3737A /* Chamomile Tea.mp3 */,
				7C4D806625DFFC2F00C3737A /* [ asleep ].mp3 */,
				7C4D806725DFFC2F00C3737A /* Sampled in your own sweet way.mp3 */,
				7C4D806825DFFC2F00C3737A /* always you.mp3 */,
				7C4D806925DFFC2F00C3737A /* i fell in love with you one night in september..mp3 */,
				7C4D806A25DFFC2F00C3737A /* tranquility.mp3 */,
				7C4D806B25DFFC2F00C3737A /* Sleepless.mp3 */,
			);
			path = Resources;
			sourceTree = "<group>";
		};
		7C4D808325DFFF9100C3737A /* Track */ = {
			isa = PBXGroup;
			children = (
				7C4D808425DFFFAE00C3737A /* TrackManager.swift */,
				7C4D808825E0000700C3737A /* Track.swift */,
				7CE63C1E25E298CD00C910D4 /* Extension&AVPlayerItem.swift */,
			);
			path = Track;
			sourceTree = "<group>";
		};
		7CA8B3CF25DFF6C0003335AE /* Home */ = {
			isa = PBXGroup;
			children = (
				7C2538FD25DFF36600E2C8B5 /* HomeViewController.swift */,
				7C2538FF25DFF36600E2C8B5 /* Main.storyboard */,
				7CA8B3D225DFF6F7003335AE /* TrackCollectionViewCell.swift */,
				7C0706A925E53F3F00B1EE50 /* TrackCollectionHeaderView.swift */,
			);
			path = Home;
			sourceTree = "<group>";
		};
/* End PBXGroup section */

/* Begin PBXNativeTarget section */
		7C2538F525DFF36600E2C8B5 /* MusicPlayer */ = {
			isa = PBXNativeTarget;
			buildConfigurationList = 7C25390A25DFF36700E2C8B5 /* Build configuration list for PBXNativeTarget "MusicPlayer" */;
			buildPhases = (
				7C2538F225DFF36600E2C8B5 /* Sources */,
				7C2538F325DFF36600E2C8B5 /* Frameworks */,
				7C2538F425DFF36600E2C8B5 /* Resources */,
			);
			buildRules = (
			);
			dependencies = (
			);
			name = MusicPlayer;
			productName = MusicPlayer;
			productReference = 7C2538F625DFF36600E2C8B5 /* MusicPlayer.app */;
			productType = "com.apple.product-type.application";
		};
/* End PBXNativeTarget section */

/* Begin PBXProject section */
		7C2538EE25DFF36600E2C8B5 /* Project object */ = {
			isa = PBXProject;
			attributes = {
				LastSwiftUpdateCheck = 1230;
				LastUpgradeCheck = 1230;
				TargetAttributes = {
					7C2538F525DFF36600E2C8B5 = {
						CreatedOnToolsVersion = 12.3;
					};
				};
			};
			buildConfigurationList = 7C2538F125DFF36600E2C8B5 /* Build configuration list for PBXProject "MusicPlayer" */;
			compatibilityVersion = "Xcode 9.3";
			developmentRegion = en;
			hasScannedForEncodings = 0;
			knownRegions = (
				en,
				Base,
			);
			mainGroup = 7C2538ED25DFF36600E2C8B5;
			productRefGroup = 7C2538F725DFF36600E2C8B5 /* Products */;
			projectDirPath = "";
			projectRoot = "";
			targets = (
				7C2538F525DFF36600E2C8B5 /* MusicPlayer */,
			);
		};
/* End PBXProject section */

/* Begin PBXResourcesBuildPhase section */
		7C2538F425DFF36600E2C8B5 /* Resources */ = {
			isa = PBXResourcesBuildPhase;
			buildActionMask = 2147483647;
			files = (
				7C4D807B25DFFC2F00C3737A /* Chamomile Tea.mp3 in Resources */,
				7C4D807125DFFC2F00C3737A /* Bike Rides On The Block.mp3 in Resources */,
				7C4D807C25DFFC2F00C3737A /* [ asleep ].mp3 in Resources */,
				7C4D807225DFFC2F00C3737A /* Letting Go.mp3 in Resources */,
				7C4D807825DFFC2F00C3737A /* Ocean ride __ 海の乗り.mp3 in Resources */,
				7C0706B125E5475700B1EE50 /* Player.storyboard in Resources */,
				7C4D806D25DFFC2F00C3737A /* im trying to find myself.mp3 in Resources */,
				7C4D806E25DFFC2F00C3737A /* when the leaves start falling.mp3 in Resources */,
				7C4D807425DFFC2F00C3737A /* elijah who - hello.mp3 in Resources */,
				7C4D806F25DFFC2F00C3737A /* distant moon (spotify apple etc).mp3 in Resources */,
				7C4D807F25DFFC2F00C3737A /* i fell in love with you one night in september..mp3 in Resources */,
				7C4D806C25DFFC2F00C3737A /* memories (listen on spotify from 3am ep).mp3 in Resources */,
				7C4D808025DFFC2F00C3737A /* tranquility.mp3 in Resources */,
				7C4D807625DFFC2F00C3737A /* Getsomerest.mp3 in Resources */,
				7C4D807A25DFFC2F00C3737A /* Glow.mp3 in Resources */,
				7C4D807925DFFC2F00C3737A /* Missing U In The Raining Day.mp3 in Resources */,
				7C4D807725DFFC2F00C3737A /* night calls.mp3 in Resources */,
				7C4D807D25DFFC2F00C3737A /* Sampled in your own sweet way.mp3 in Resources */,
				7C25390625DFF36700E2C8B5 /* LaunchScreen.storyboard in Resources */,
				7C25390325DFF36700E2C8B5 /* Assets.xcassets in Resources */,
				7C25390125DFF36600E2C8B5 /* Main.storyboard in Resources */,
				7C4D807525DFFC2F00C3737A /* Moonlight!.mp3 in Resources */,
				7C4D807025DFFC2F00C3737A /* aruarian dance [lounge version].mp3 in Resources */,
				7C4D807E25DFFC2F00C3737A /* always you.mp3 in Resources */,
				7C4D807325DFFC2F00C3737A /* valentin.mp3 in Resources */,
				7C4D808125DFFC2F00C3737A /* Sleepless.mp3 in Resources */,
			);
			runOnlyForDeploymentPostprocessing = 0;
		};
/* End PBXResourcesBuildPhase section */

/* Begin PBXSourcesBuildPhase section */
		7C2538F225DFF36600E2C8B5 /* Sources */ = {
			isa = PBXSourcesBuildPhase;
			buildActionMask = 2147483647;
			files = (
				7CA8B3D325DFF6F7003335AE /* TrackCollectionViewCell.swift in Sources */,
				7CE63C1F25E298CD00C910D4 /* Extension&AVPlayerItem.swift in Sources */,
				7C2538FE25DFF36600E2C8B5 /* HomeViewController.swift in Sources */,
				7C4D808525DFFFAE00C3737A /* TrackManager.swift in Sources */,
				7C64661B25E685DE00A76EB2 /* SimplePlayer.swift in Sources */,
				7C2538FA25DFF36600E2C8B5 /* AppDelegate.swift in Sources */,
				7C0706AE25E5474700B1EE50 /* PlayerViewController.swift in Sources */,
				7C2538FC25DFF36600E2C8B5 /* SceneDelegate.swift in Sources */,
				7C4D808925E0000700C3737A /* Track.swift in Sources */,
				7C0706AA25E53F3F00B1EE50 /* TrackCollectionHeaderView.swift in Sources */,
			);
			runOnlyForDeploymentPostprocessing = 0;
		};
/* End PBXSourcesBuildPhase section */

/* Begin PBXVariantGroup section */
		7C2538FF25DFF36600E2C8B5 /* Main.storyboard */ = {
			isa = PBXVariantGroup;
			children = (
				7C25390025DFF36600E2C8B5 /* Base */,
			);
			name = Main.storyboard;
			sourceTree = "<group>";
		};
		7C25390425DFF36700E2C8B5 /* LaunchScreen.storyboard */ = {
			isa = PBXVariantGroup;
			children = (
				7C25390525DFF36700E2C8B5 /* Base */,
			);
			name = LaunchScreen.storyboard;
			sourceTree = "<group>";
		};
/* End PBXVariantGroup section */

/* Begin XCBuildConfiguration section */
		7C25390825DFF36700E2C8B5 /* Debug */ = {
			isa = XCBuildConfiguration;
			buildSettings = {
				ALWAYS_SEARCH_USER_PATHS = NO;
				CLANG_ANALYZER_NONNULL = YES;
				CLANG_ANALYZER_NUMBER_OBJECT_CONVERSION = YES_AGGRESSIVE;
				CLANG_CXX_LANGUAGE_STANDARD = "gnu++14";
				CLANG_CXX_LIBRARY = "libc++";
				CLANG_ENABLE_MODULES = YES;
				CLANG_ENABLE_OBJC_ARC = YES;
				CLANG_ENABLE_OBJC_WEAK = YES;
				CLANG_WARN_BLOCK_CAPTURE_AUTORELEASING = YES;
				CLANG_WARN_BOOL_CONVERSION = YES;
				CLANG_WARN_COMMA = YES;
				CLANG_WARN_CONSTANT_CONVERSION = YES;
				CLANG_WARN_DEPRECATED_OBJC_IMPLEMENTATIONS = YES;
				CLANG_WARN_DIRECT_OBJC_ISA_USAGE = YES_ERROR;
				CLANG_WARN_DOCUMENTATION_COMMENTS = YES;
				CLANG_WARN_EMPTY_BODY = YES;
				CLANG_WARN_ENUM_CONVERSION = YES;
				CLANG_WARN_INFINITE_RECURSION = YES;
				CLANG_WARN_INT_CONVERSION = YES;
				CLANG_WARN_NON_LITERAL_NULL_CONVERSION = YES;
				CLANG_WARN_OBJC_IMPLICIT_RETAIN_SELF = YES;
				CLANG_WARN_OBJC_LITERAL_CONVERSION = YES;
				CLANG_WARN_OBJC_ROOT_CLASS = YES_ERROR;
				CLANG_WARN_QUOTED_INCLUDE_IN_FRAMEWORK_HEADER = YES;
				CLANG_WARN_RANGE_LOOP_ANALYSIS = YES;
				CLANG_WARN_STRICT_PROTOTYPES = YES;
				CLANG_WARN_SUSPICIOUS_MOVE = YES;
				CLANG_WARN_UNGUARDED_AVAILABILITY = YES_AGGRESSIVE;
				CLANG_WARN_UNREACHABLE_CODE = YES;
				CLANG_WARN__DUPLICATE_METHOD_MATCH = YES;
				COPY_PHASE_STRIP = NO;
				DEBUG_INFORMATION_FORMAT = dwarf;
				ENABLE_STRICT_OBJC_MSGSEND = YES;
				ENABLE_TESTABILITY = YES;
				GCC_C_LANGUAGE_STANDARD = gnu11;
				GCC_DYNAMIC_NO_PIC = NO;
				GCC_NO_COMMON_BLOCKS = YES;
				GCC_OPTIMIZATION_LEVEL = 0;
				GCC_PREPROCESSOR_DEFINITIONS = (
					"DEBUG=1",
					"$(inherited)",
				);
				GCC_WARN_64_TO_32_BIT_CONVERSION = YES;
				GCC_WARN_ABOUT_RETURN_TYPE = YES_ERROR;
				GCC_WARN_UNDECLARED_SELECTOR = YES;
				GCC_WARN_UNINITIALIZED_AUTOS = YES_AGGRESSIVE;
				GCC_WARN_UNUSED_FUNCTION = YES;
				GCC_WARN_UNUSED_VARIABLE = YES;
				IPHONEOS_DEPLOYMENT_TARGET = 14.3;
				MTL_ENABLE_DEBUG_INFO = INCLUDE_SOURCE;
				MTL_FAST_MATH = YES;
				ONLY_ACTIVE_ARCH = YES;
				SDKROOT = iphoneos;
				SWIFT_ACTIVE_COMPILATION_CONDITIONS = DEBUG;
				SWIFT_OPTIMIZATION_LEVEL = "-Onone";
			};
			name = Debug;
		};
		7C25390925DFF36700E2C8B5 /* Release */ = {
			isa = XCBuildConfiguration;
			buildSettings = {
				ALWAYS_SEARCH_USER_PATHS = NO;
				CLANG_ANALYZER_NONNULL = YES;
				CLANG_ANALYZER_NUMBER_OBJECT_CONVERSION = YES_AGGRESSIVE;
				CLANG_CXX_LANGUAGE_STANDARD = "gnu++14";
				CLANG_CXX_LIBRARY = "libc++";
				CLANG_ENABLE_MODULES = YES;
				CLANG_ENABLE_OBJC_ARC = YES;
				CLANG_ENABLE_OBJC_WEAK = YES;
				CLANG_WARN_BLOCK_CAPTURE_AUTORELEASING = YES;
				CLANG_WARN_BOOL_CONVERSION = YES;
				CLANG_WARN_COMMA = YES;
				CLANG_WARN_CONSTANT_CONVERSION = YES;
				CLANG_WARN_DEPRECATED_OBJC_IMPLEMENTATIONS = YES;
				CLANG_WARN_DIRECT_OBJC_ISA_USAGE = YES_ERROR;
				CLANG_WARN_DOCUMENTATION_COMMENTS = YES;
				CLANG_WARN_EMPTY_BODY = YES;
				CLANG_WARN_ENUM_CONVERSION = YES;
				CLANG_WARN_INFINITE_RECURSION = YES;
				CLANG_WARN_INT_CONVERSION = YES;
				CLANG_WARN_NON_LITERAL_NULL_CONVERSION = YES;
				CLANG_WARN_OBJC_IMPLICIT_RETAIN_SELF = YES;
				CLANG_WARN_OBJC_LITERAL_CONVERSION = YES;
				CLANG_WARN_OBJC_ROOT_CLASS = YES_ERROR;
				CLANG_WARN_QUOTED_INCLUDE_IN_FRAMEWORK_HEADER = YES;
				CLANG_WARN_RANGE_LOOP_ANALYSIS = YES;
				CLANG_WARN_STRICT_PROTOTYPES = YES;
				CLANG_WARN_SUSPICIOUS_MOVE = YES;
				CLANG_WARN_UNGUARDED_AVAILABILITY = YES_AGGRESSIVE;
				CLANG_WARN_UNREACHABLE_CODE = YES;
				CLANG_WARN__DUPLICATE_METHOD_MATCH = YES;
				COPY_PHASE_STRIP = NO;
				DEBUG_INFORMATION_FORMAT = "dwarf-with-dsym";
				ENABLE_NS_ASSERTIONS = NO;
				ENABLE_STRICT_OBJC_MSGSEND = YES;
				GCC_C_LANGUAGE_STANDARD = gnu11;
				GCC_NO_COMMON_BLOCKS = YES;
				GCC_WARN_64_TO_32_BIT_CONVERSION = YES;
				GCC_WARN_ABOUT_RETURN_TYPE = YES_ERROR;
				GCC_WARN_UNDECLARED_SELECTOR = YES;
				GCC_WARN_UNINITIALIZED_AUTOS = YES_AGGRESSIVE;
				GCC_WARN_UNUSED_FUNCTION = YES;
				GCC_WARN_UNUSED_VARIABLE = YES;
				IPHONEOS_DEPLOYMENT_TARGET = 14.3;
				MTL_ENABLE_DEBUG_INFO = NO;
				MTL_FAST_MATH = YES;
				SDKROOT = iphoneos;
				SWIFT_COMPILATION_MODE = wholemodule;
				SWIFT_OPTIMIZATION_LEVEL = "-O";
				VALIDATE_PRODUCT = YES;
			};
			name = Release;
		};
		7C25390B25DFF36700E2C8B5 /* Debug */ = {
			isa = XCBuildConfiguration;
			buildSettings = {
				ASSETCATALOG_COMPILER_APPICON_NAME = AppIcon;
				ASSETCATALOG_COMPILER_GLOBAL_ACCENT_COLOR_NAME = AccentColor;
				CODE_SIGN_STYLE = Automatic;
				DEVELOPMENT_TEAM = 2Z7YX43544;
				INFOPLIST_FILE = MusicPlayer/Info.plist;
				IPHONEOS_DEPLOYMENT_TARGET = 13.0;
				LD_RUNPATH_SEARCH_PATHS = (
					"$(inherited)",
					"@executable_path/Frameworks",
				);
				PRODUCT_BUNDLE_IDENTIFIER = com.MusicPlayer;
				PRODUCT_NAME = "$(TARGET_NAME)";
				SWIFT_VERSION = 5.0;
				TARGETED_DEVICE_FAMILY = "1,2";
			};
			name = Debug;
		};
		7C25390C25DFF36700E2C8B5 /* Release */ = {
			isa = XCBuildConfiguration;
			buildSettings = {
				ASSETCATALOG_COMPILER_APPICON_NAME = AppIcon;
				ASSETCATALOG_COMPILER_GLOBAL_ACCENT_COLOR_NAME = AccentColor;
				CODE_SIGN_STYLE = Automatic;
				DEVELOPMENT_TEAM = 2Z7YX43544;
				INFOPLIST_FILE = MusicPlayer/Info.plist;
				IPHONEOS_DEPLOYMENT_TARGET = 13.0;
				LD_RUNPATH_SEARCH_PATHS = (
					"$(inherited)",
					"@executable_path/Frameworks",
				);
				PRODUCT_BUNDLE_IDENTIFIER = com.MusicPlayer;
				PRODUCT_NAME = "$(TARGET_NAME)";
				SWIFT_VERSION = 5.0;
				TARGETED_DEVICE_FAMILY = "1,2";
			};
			name = Release;
		};
/* End XCBuildConfiguration section */

/* Begin XCConfigurationList section */
		7C2538F125DFF36600E2C8B5 /* Build configuration list for PBXProject "MusicPlayer" */ = {
			isa = XCConfigurationList;
			buildConfigurations = (
				7C25390825DFF36700E2C8B5 /* Debug */,
				7C25390925DFF36700E2C8B5 /* Release */,
			);
			defaultConfigurationIsVisible = 0;
			defaultConfigurationName = Release;
		};
		7C25390A25DFF36700E2C8B5 /* Build configuration list for PBXNativeTarget "MusicPlayer" */ = {
			isa = XCConfigurationList;
			buildConfigurations = (
				7C25390B25DFF36700E2C8B5 /* Debug */,
				7C25390C25DFF36700E2C8B5 /* Release */,
			);
			defaultConfigurationIsVisible = 0;
			defaultConfigurationName = Release;
		};
/* End XCConfigurationList section */
	};
	rootObject = 7C2538EE25DFF36600E2C8B5 /* Project object */;
}
